
Microsoft Visual Studio Solution File, Format Version 12.00
# Visual Studio Version 16
VisualStudioVersion = 16.0.31727.386
MinimumVisualStudioVersion = 10.0.40219.1
Project("{FAE04EC0-301F-11D3-BF4B-00C04F79EFBC}") = "AppPFINAL.UI", "AppPFINAL.UI\AppPFINAL.UI.csproj", "{CE5E625A-3E98-4B7D-AAC3-B7F0AA8BE6D6}"
EndProject
Project("{FAE04EC0-301F-11D3-BF4B-00C04F79EFBC}") = "AppPFINAL.BD", "AppPFINAL.BD\AppPFINAL.BD.csproj", "{EE533419-3B5C-484A-9389-C5D7AF0AF7D8}"
EndProject
Global
	GlobalSection(SolutionConfigurationPlatforms) = preSolution
		Debug|Any CPU = Debug|Any CPU
		Release|Any CPU = Release|Any CPU
	EndGlobalSection
	GlobalSection(ProjectConfigurationPlatforms) = postSolution
		{CE5E625A-3E98-4B7D-AAC3-B7F0AA8BE6D6}.Debug|Any CPU.ActiveCfg = Debug|Any CPU
		{CE5E625A-3E98-4B7D-AAC3-B7F0AA8BE6D6}.Debug|Any CPU.Build.0 = Debug|Any CPU
		{CE5E625A-3E98-4B7D-AAC3-B7F0AA8BE6D6}.Release|Any CPU.ActiveCfg = Release|Any CPU
		{CE5E625A-3E98-4B7D-AAC3-B7F0AA8BE6D6}.Release|Any CPU.Build.0 = Release|Any CPU
		{EE533419-3B5C-484A-9389-C5D7AF0AF7D8}.Debug|Any CPU.ActiveCfg = Debug|Any CPU
		{EE533419-3B5C-484A-9389-C5D7AF0AF7D8}.Debug|Any CPU.Build.0 = Debug|Any CPU
		{EE533419-3B5C-484A-9389-C5D7AF0AF7D8}.Release|Any CPU.ActiveCfg = Release|Any CPU
		{EE533419-3B5C-484A-9389-C5D7AF0AF7D8}.Release|Any CPU.Build.0 = Release|Any CPU
	EndGlobalSection
	GlobalSection(SolutionProperties) = preSolution
		HideSolutionNode = FALSE
	EndGlobalSection
	GlobalSection(ExtensibilityGlobals) = postSolution
		SolutionGuid = {D3F9CAC4-81CF-4D1D-901A-AF5FA7D4F65D}
	EndGlobalSection
EndGlobal
